// !$*UTF8*$!
{
	archiveVersion = 1;
	classes = {
	};
	objectVersion = 50;
	objects = {

/* Begin PBXBuildFile section */
		44045842254B4F2600AD671B /* AppDelegate.swift in Sources */ = {isa = PBXBuildFile; fileRef = 44045841254B4F2600AD671B /* AppDelegate.swift */; };
		44045844254B4F2600AD671B /* SceneDelegate.swift in Sources */ = {isa = PBXBuildFile; fileRef = 44045843254B4F2600AD671B /* SceneDelegate.swift */; };
		44045846254B4F2600AD671B /* GoalVC.swift in Sources */ = {isa = PBXBuildFile; fileRef = 44045845254B4F2600AD671B /* GoalVC.swift */; };
		44045849254B4F2600AD671B /* Main.storyboard in Resources */ = {isa = PBXBuildFile; fileRef = 44045847254B4F2600AD671B /* Main.storyboard */; };
		4404584C254B4F2600AD671B /* GoalPost.xcdatamodeld in Sources */ = {isa = PBXBuildFile; fileRef = 4404584A254B4F2600AD671B /* GoalPost.xcdatamodeld */; };
		4404584E254B4F2900AD671B /* Assets.xcassets in Resources */ = {isa = PBXBuildFile; fileRef = 4404584D254B4F2900AD671B /* Assets.xcassets */; };
		44045851254B4F2900AD671B /* LaunchScreen.storyboard in Resources */ = {isa = PBXBuildFile; fileRef = 4404584F254B4F2900AD671B /* LaunchScreen.storyboard */; };
		44539A01254B66F000B1A64A /* CreateGoalVC.swift in Sources */ = {isa = PBXBuildFile; fileRef = 44539A00254B66F000B1A64A /* CreateGoalVC.swift */; };
		44539A04254B67DD00B1A64A /* UIViewcontrollerExt.swift in Sources */ = {isa = PBXBuildFile; fileRef = 44539A03254B67DD00B1A64A /* UIViewcontrollerExt.swift */; };
		44539A07254B6A7500B1A64A /* UIViewExt.swift in Sources */ = {isa = PBXBuildFile; fileRef = 44539A06254B6A7500B1A64A /* UIViewExt.swift */; };
		44539A0A254B6E0700B1A64A /* UIButtonExt.swift in Sources */ = {isa = PBXBuildFile; fileRef = 44539A09254B6E0700B1A64A /* UIButtonExt.swift */; };
		44539A0D254B6FD000B1A64A /* FinishGoalVC.swift in Sources */ = {isa = PBXBuildFile; fileRef = 44539A0C254B6FD000B1A64A /* FinishGoalVC.swift */; };
		44CA135C254B55E800CB8424 /* GoalCell.swift in Sources */ = {isa = PBXBuildFile; fileRef = 44CA135B254B55E800CB8424 /* GoalCell.swift */; };
		44CA135F254B59F000CB8424 /* GoalType.swift in Sources */ = {isa = PBXBuildFile; fileRef = 44CA135E254B59F000CB8424 /* GoalType.swift */; };
/* End PBXBuildFile section */

/* Begin PBXFileReference section */
		4404583E254B4F2600AD671B /* GoalPost.app */ = {isa = PBXFileReference; explicitFileType = wrapper.application; includeInIndex = 0; path = GoalPost.app; sourceTree = BUILT_PRODUCTS_DIR; };
		44045841254B4F2600AD671B /* AppDelegate.swift */ = {isa = PBXFileReference; lastKnownFileType = sourcecode.swift; path = AppDelegate.swift; sourceTree = "<group>"; };
		44045843254B4F2600AD671B /* SceneDelegate.swift */ = {isa = PBXFileReference; lastKnownFileType = sourcecode.swift; path = SceneDelegate.swift; sourceTree = "<group>"; };
		44045845254B4F2600AD671B /* GoalVC.swift */ = {isa = PBXFileReference; lastKnownFileType = sourcecode.swift; path = GoalVC.swift; sourceTree = "<group>"; };
		44045848254B4F2600AD671B /* Base */ = {isa = PBXFileReference; lastKnownFileType = file.storyboard; name = Base; path = Base.lproj/Main.storyboard; sourceTree = "<group>"; };
		4404584B254B4F2600AD671B /* GoalPost.xcdatamodel */ = {isa = PBXFileReference; lastKnownFileType = wrapper.xcdatamodel; path = GoalPost.xcdatamodel; sourceTree = "<group>"; };
		4404584D254B4F2900AD671B /* Assets.xcassets */ = {isa = PBXFileReference; lastKnownFileType = folder.assetcatalog; path = Assets.xcassets; sourceTree = "<group>"; };
		44045850254B4F2900AD671B /* Base */ = {isa = PBXFileReference; lastKnownFileType = file.storyboard; name = Base; path = Base.lproj/LaunchScreen.storyboard; sourceTree = "<group>"; };
		44045852254B4F2900AD671B /* Info.plist */ = {isa = PBXFileReference; lastKnownFileType = text.plist.xml; path = Info.plist; sourceTree = "<group>"; };
		44539A00254B66F000B1A64A /* CreateGoalVC.swift */ = {isa = PBXFileReference; lastKnownFileType = sourcecode.swift; path = CreateGoalVC.swift; sourceTree = "<group>"; };
		44539A03254B67DD00B1A64A /* UIViewcontrollerExt.swift */ = {isa = PBXFileReference; lastKnownFileType = sourcecode.swift; path = UIViewcontrollerExt.swift; sourceTree = "<group>"; };
		44539A06254B6A7500B1A64A /* UIViewExt.swift */ = {isa = PBXFileReference; lastKnownFileType = sourcecode.swift; path = UIViewExt.swift; sourceTree = "<group>"; };
		44539A09254B6E0700B1A64A /* UIButtonExt.swift */ = {isa = PBXFileReference; lastKnownFileType = sourcecode.swift; path = UIButtonExt.swift; sourceTree = "<group>"; };
		44539A0C254B6FD000B1A64A /* FinishGoalVC.swift */ = {isa = PBXFileReference; lastKnownFileType = sourcecode.swift; path = FinishGoalVC.swift; sourceTree = "<group>"; };
		44CA135B254B55E800CB8424 /* GoalCell.swift */ = {isa = PBXFileReference; lastKnownFileType = sourcecode.swift; path = GoalCell.swift; sourceTree = "<group>"; };
		44CA135E254B59F000CB8424 /* GoalType.swift */ = {isa = PBXFileReference; lastKnownFileType = sourcecode.swift; path = GoalType.swift; sourceTree = "<group>"; };
/* End PBXFileReference section */

/* Begin PBXFrameworksBuildPhase section */
		4404583B254B4F2600AD671B /* Frameworks */ = {
			isa = PBXFrameworksBuildPhase;
			buildActionMask = 2147483647;
			files = (
			);
			runOnlyForDeploymentPostprocessing = 0;
		};
/* End PBXFrameworksBuildPhase section */

/* Begin PBXGroup section */
		44045835254B4F2600AD671B = {
			isa = PBXGroup;
			children = (
				44045840254B4F2600AD671B /* GoalPost */,
				4404583F254B4F2600AD671B /* Products */,
			);
			sourceTree = "<group>";
		};
		4404583F254B4F2600AD671B /* Products */ = {
			isa = PBXGroup;
			children = (
				4404583E254B4F2600AD671B /* GoalPost.app */,
			);
			name = Products;
			sourceTree = "<group>";
		};
		44045840254B4F2600AD671B /* GoalPost */ = {
			isa = PBXGroup;
			children = (
				4404585E254B4F7200AD671B /* Extension */,
				4404585D254B4F6E00AD671B /* Enums */,
				4404585C254B4F5300AD671B /* Utilities */,
				4404585A254B4F3F00AD671B /* View */,
				44045859254B4F3A00AD671B /* Controller */,
				44045841254B4F2600AD671B /* AppDelegate.swift */,
				44045843254B4F2600AD671B /* SceneDelegate.swift */,
				44045847254B4F2600AD671B /* Main.storyboard */,
				4404584D254B4F2900AD671B /* Assets.xcassets */,
				4404584F254B4F2900AD671B /* LaunchScreen.storyboard */,
				44045852254B4F2900AD671B /* Info.plist */,
				4404584A254B4F2600AD671B /* GoalPost.xcdatamodeld */,
			);
			path = GoalPost;
			sourceTree = "<group>";
		};
		44045859254B4F3A00AD671B /* Controller */ = {
			isa = PBXGroup;
			children = (
				44045845254B4F2600AD671B /* GoalVC.swift */,
				44539A00254B66F000B1A64A /* CreateGoalVC.swift */,
				44539A0C254B6FD000B1A64A /* FinishGoalVC.swift */,
			);
			path = Controller;
			sourceTree = "<group>";
		};
		4404585A254B4F3F00AD671B /* View */ = {
			isa = PBXGroup;
			children = (
				44CA135B254B55E800CB8424 /* GoalCell.swift */,
			);
			path = View;
			sourceTree = "<group>";
		};
		4404585C254B4F5300AD671B /* Utilities */ = {
			isa = PBXGroup;
			children = (
			);
			path = Utilities;
			sourceTree = "<group>";
		};
		4404585D254B4F6E00AD671B /* Enums */ = {
			isa = PBXGroup;
			children = (
				44CA135E254B59F000CB8424 /* GoalType.swift */,
			);
			path = Enums;
			sourceTree = "<group>";
		};
		4404585E254B4F7200AD671B /* Extension */ = {
			isa = PBXGroup;
			children = (
				44539A03254B67DD00B1A64A /* UIViewcontrollerExt.swift */,
				44539A06254B6A7500B1A64A /* UIViewExt.swift */,
				44539A09254B6E0700B1A64A /* UIButtonExt.swift */,
			);
			path = Extension;
			sourceTree = "<group>";
		};
/* End PBXGroup section */

/* Begin PBXNativeTarget section */
		4404583D254B4F2600AD671B /* GoalPost */ = {
			isa = PBXNativeTarget;
			buildConfigurationList = 44045855254B4F2900AD671B /* Build configuration list for PBXNativeTarget "GoalPost" */;
			buildPhases = (
				4404583A254B4F2600AD671B /* Sources */,
				4404583B254B4F2600AD671B /* Frameworks */,
				4404583C254B4F2600AD671B /* Resources */,
			);
			buildRules = (
			);
			dependencies = (
			);
			name = GoalPost;
			productName = GoalPost;
			productReference = 4404583E254B4F2600AD671B /* GoalPost.app */;
			productType = "com.apple.product-type.application";
		};
/* End PBXNativeTarget section */

/* Begin PBXProject section */
		44045836254B4F2600AD671B /* Project object */ = {
			isa = PBXProject;
			attributes = {
				LastSwiftUpdateCheck = 1200;
				LastUpgradeCheck = 1200;
				TargetAttributes = {
					4404583D254B4F2600AD671B = {
						CreatedOnToolsVersion = 12.0;
					};
				};
			};
			buildConfigurationList = 44045839254B4F2600AD671B /* Build configuration list for PBXProject "GoalPost" */;
			compatibilityVersion = "Xcode 9.3";
			developmentRegion = en;
			hasScannedForEncodings = 0;
			knownRegions = (
				en,
				Base,
			);
			mainGroup = 44045835254B4F2600AD671B;
			productRefGroup = 4404583F254B4F2600AD671B /* Products */;
			projectDirPath = "";
			projectRoot = "";
			targets = (
				4404583D254B4F2600AD671B /* GoalPost */,
			);
		};
/* End PBXProject section */

/* Begin PBXResourcesBuildPhase section */
		4404583C254B4F2600AD671B /* Resources */ = {
			isa = PBXResourcesBuildPhase;
			buildActionMask = 2147483647;
			files = (
				44045851254B4F2900AD671B /* LaunchScreen.storyboard in Resources */,
				4404584E254B4F2900AD671B /* Assets.xcassets in Resources */,
				44045849254B4F2600AD671B /* Main.storyboard in Resources */,
			);
			runOnlyForDeploymentPostprocessing = 0;
		};
/* End PBXResourcesBuildPhase section */

/* Begin PBXSourcesBuildPhase section */
		4404583A254B4F2600AD671B /* Sources */ = {
			isa = PBXSourcesBuildPhase;
			buildActionMask = 2147483647;
			files = (
				44539A07254B6A7500B1A64A /* UIViewExt.swift in Sources */,
				44539A0A254B6E0700B1A64A /* UIButtonExt.swift in Sources */,
				44045846254B4F2600AD671B /* GoalVC.swift in Sources */,
				44045842254B4F2600AD671B /* AppDelegate.swift in Sources */,
				44539A04254B67DD00B1A64A /* UIViewcontrollerExt.swift in Sources */,
				44539A0D254B6FD000B1A64A /* FinishGoalVC.swift in Sources */,
				44CA135F254B59F000CB8424 /* GoalType.swift in Sources */,
				4404584C254B4F2600AD671B /* GoalPost.xcdatamodeld in Sources */,
				44539A01254B66F000B1A64A /* CreateGoalVC.swift in Sources */,
				44CA135C254B55E800CB8424 /* GoalCell.swift in Sources */,
				44045844254B4F2600AD671B /* SceneDelegate.swift in Sources */,
			);
			runOnlyForDeploymentPostprocessing = 0;
		};
/* End PBXSourcesBuildPhase section */

/* Begin PBXVariantGroup section */
		44045847254B4F2600AD671B /* Main.storyboard */ = {
			isa = PBXVariantGroup;
			children = (
				44045848254B4F2600AD671B /* Base */,
			);
			name = Main.storyboard;
			sourceTree = "<group>";
		};
		4404584F254B4F2900AD671B /* LaunchScreen.storyboard */ = {
			isa = PBXVariantGroup;
			children = (
				44045850254B4F2900AD671B /* Base */,
			);
			name = LaunchScreen.storyboard;
			sourceTree = "<group>";
		};
/* End PBXVariantGroup section */

/* Begin XCBuildConfiguration section */
		44045853254B4F2900AD671B /* Debug */ = {
			isa = XCBuildConfiguration;
			buildSettings = {
				ALWAYS_SEARCH_USER_PATHS = NO;
				CLANG_ANALYZER_NONNULL = YES;
				CLANG_ANALYZER_NUMBER_OBJECT_CONVERSION = YES_AGGRESSIVE;
				CLANG_CXX_LANGUAGE_STANDARD = "gnu++14";
				CLANG_CXX_LIBRARY = "libc++";
				CLANG_ENABLE_MODULES = YES;
				CLANG_ENABLE_OBJC_ARC = YES;
				CLANG_ENABLE_OBJC_WEAK = YES;
				CLANG_WARN_BLOCK_CAPTURE_AUTORELEASING = YES;
				CLANG_WARN_BOOL_CONVERSION = YES;
				CLANG_WARN_COMMA = YES;
				CLANG_WARN_CONSTANT_CONVERSION = YES;
				CLANG_WARN_DEPRECATED_OBJC_IMPLEMENTATIONS = YES;
				CLANG_WARN_DIRECT_OBJC_ISA_USAGE = YES_ERROR;
				CLANG_WARN_DOCUMENTATION_COMMENTS = YES;
				CLANG_WARN_EMPTY_BODY = YES;
				CLANG_WARN_ENUM_CONVERSION = YES;
				CLANG_WARN_INFINITE_RECURSION = YES;
				CLANG_WARN_INT_CONVERSION = YES;
				CLANG_WARN_NON_LITERAL_NULL_CONVERSION = YES;
				CLANG_WARN_OBJC_IMPLICIT_RETAIN_SELF = YES;
				CLANG_WARN_OBJC_LITERAL_CONVERSION = YES;
				CLANG_WARN_OBJC_ROOT_CLASS = YES_ERROR;
				CLANG_WARN_QUOTED_INCLUDE_IN_FRAMEWORK_HEADER = YES;
				CLANG_WARN_RANGE_LOOP_ANALYSIS = YES;
				CLANG_WARN_STRICT_PROTOTYPES = YES;
				CLANG_WARN_SUSPICIOUS_MOVE = YES;
				CLANG_WARN_UNGUARDED_AVAILABILITY = YES_AGGRESSIVE;
				CLANG_WARN_UNREACHABLE_CODE = YES;
				CLANG_WARN__DUPLICATE_METHOD_MATCH = YES;
				COPY_PHASE_STRIP = NO;
				DEBUG_INFORMATION_FORMAT = dwarf;
				ENABLE_STRICT_OBJC_MSGSEND = YES;
				ENABLE_TESTABILITY = YES;
				GCC_C_LANGUAGE_STANDARD = gnu11;
				GCC_DYNAMIC_NO_PIC = NO;
				GCC_NO_COMMON_BLOCKS = YES;
				GCC_OPTIMIZATION_LEVEL = 0;
				GCC_PREPROCESSOR_DEFINITIONS = (
					"DEBUG=1",
					"$(inherited)",
				);
				GCC_WARN_64_TO_32_BIT_CONVERSION = YES;
				GCC_WARN_ABOUT_RETURN_TYPE = YES_ERROR;
				GCC_WARN_UNDECLARED_SELECTOR = YES;
				GCC_WARN_UNINITIALIZED_AUTOS = YES_AGGRESSIVE;
				GCC_WARN_UNUSED_FUNCTION = YES;
				GCC_WARN_UNUSED_VARIABLE = YES;
				IPHONEOS_DEPLOYMENT_TARGET = 14.0;
				MTL_ENABLE_DEBUG_INFO = INCLUDE_SOURCE;
				MTL_FAST_MATH = YES;
				ONLY_ACTIVE_ARCH = YES;
				SDKROOT = iphoneos;
				SWIFT_ACTIVE_COMPILATION_CONDITIONS = DEBUG;
				SWIFT_OPTIMIZATION_LEVEL = "-Onone";
			};
			name = Debug;
		};
		44045854254B4F2900AD671B /* Release */ = {
			isa = XCBuildConfiguration;
			buildSettings = {
				ALWAYS_SEARCH_USER_PATHS = NO;
				CLANG_ANALYZER_NONNULL = YES;
				CLANG_ANALYZER_NUMBER_OBJECT_CONVERSION = YES_AGGRESSIVE;
				CLANG_CXX_LANGUAGE_STANDARD = "gnu++14";
				CLANG_CXX_LIBRARY = "libc++";
				CLANG_ENABLE_MODULES = YES;
				CLANG_ENABLE_OBJC_ARC = YES;
				CLANG_ENABLE_OBJC_WEAK = YES;
				CLANG_WARN_BLOCK_CAPTURE_AUTORELEASING = YES;
				CLANG_WARN_BOOL_CONVERSION = YES;
				CLANG_WARN_COMMA = YES;
				CLANG_WARN_CONSTANT_CONVERSION = YES;
				CLANG_WARN_DEPRECATED_OBJC_IMPLEMENTATIONS = YES;
				CLANG_WARN_DIRECT_OBJC_ISA_USAGE = YES_ERROR;
				CLANG_WARN_DOCUMENTATION_COMMENTS = YES;
				CLANG_WARN_EMPTY_BODY = YES;
				CLANG_WARN_ENUM_CONVERSION = YES;
				CLANG_WARN_INFINITE_RECURSION = YES;
				CLANG_WARN_INT_CONVERSION = YES;
				CLANG_WARN_NON_LITERAL_NULL_CONVERSION = YES;
				CLANG_WARN_OBJC_IMPLICIT_RETAIN_SELF = YES;
				CLANG_WARN_OBJC_LITERAL_CONVERSION = YES;
				CLANG_WARN_OBJC_ROOT_CLASS = YES_ERROR;
				CLANG_WARN_QUOTED_INCLUDE_IN_FRAMEWORK_HEADER = YES;
				CLANG_WARN_RANGE_LOOP_ANALYSIS = YES;
				CLANG_WARN_STRICT_PROTOTYPES = YES;
				CLANG_WARN_SUSPICIOUS_MOVE = YES;
				CLANG_WARN_UNGUARDED_AVAILABILITY = YES_AGGRESSIVE;
				CLANG_WARN_UNREACHABLE_CODE = YES;
				CLANG_WARN__DUPLICATE_METHOD_MATCH = YES;
				COPY_PHASE_STRIP = NO;
				DEBUG_INFORMATION_FORMAT = "dwarf-with-dsym";
				ENABLE_NS_ASSERTIONS = NO;
				ENABLE_STRICT_OBJC_MSGSEND = YES;
				GCC_C_LANGUAGE_STANDARD = gnu11;
				GCC_NO_COMMON_BLOCKS = YES;
				GCC_WARN_64_TO_32_BIT_CONVERSION = YES;
				GCC_WARN_ABOUT_RETURN_TYPE = YES_ERROR;
				GCC_WARN_UNDECLARED_SELECTOR = YES;
				GCC_WARN_UNINITIALIZED_AUTOS = YES_AGGRESSIVE;
				GCC_WARN_UNUSED_FUNCTION = YES;
				GCC_WARN_UNUSED_VARIABLE = YES;
				IPHONEOS_DEPLOYMENT_TARGET = 14.0;
				MTL_ENABLE_DEBUG_INFO = NO;
				MTL_FAST_MATH = YES;
				SDKROOT = iphoneos;
				SWIFT_COMPILATION_MODE = wholemodule;
				SWIFT_OPTIMIZATION_LEVEL = "-O";
				VALIDATE_PRODUCT = YES;
			};
			name = Release;
		};
		44045856254B4F2900AD671B /* Debug */ = {
			isa = XCBuildConfiguration;
			buildSettings = {
				ASSETCATALOG_COMPILER_APPICON_NAME = AppIcon;
				ASSETCATALOG_COMPILER_GLOBAL_ACCENT_COLOR_NAME = AccentColor;
				CODE_SIGN_STYLE = Automatic;
				INFOPLIST_FILE = GoalPost/Info.plist;
				LD_RUNPATH_SEARCH_PATHS = (
					"$(inherited)",
					"@executable_path/Frameworks",
				);
				PRODUCT_BUNDLE_IDENTIFIER = com.sheliyainfotech.GoalPost;
				PRODUCT_NAME = "$(TARGET_NAME)";
				SWIFT_VERSION = 5.0;
				TARGETED_DEVICE_FAMILY = "1,2";
			};
			name = Debug;
		};
		44045857254B4F2900AD671B /* Release */ = {
			isa = XCBuildConfiguration;
			buildSettings = {
				ASSETCATALOG_COMPILER_APPICON_NAME = AppIcon;
				ASSETCATALOG_COMPILER_GLOBAL_ACCENT_COLOR_NAME = AccentColor;
				CODE_SIGN_STYLE = Automatic;
				INFOPLIST_FILE = GoalPost/Info.plist;
				LD_RUNPATH_SEARCH_PATHS = (
					"$(inherited)",
					"@executable_path/Frameworks",
				);
				PRODUCT_BUNDLE_IDENTIFIER = com.sheliyainfotech.GoalPost;
				PRODUCT_NAME = "$(TARGET_NAME)";
				SWIFT_VERSION = 5.0;
				TARGETED_DEVICE_FAMILY = "1,2";
			};
			name = Release;
		};
/* End XCBuildConfiguration section */

/* Begin XCConfigurationList section */
		44045839254B4F2600AD671B /* Build configuration list for PBXProject "GoalPost" */ = {
			isa = XCConfigurationList;
			buildConfigurations = (
				44045853254B4F2900AD671B /* Debug */,
				44045854254B4F2900AD671B /* Release */,
			);
			defaultConfigurationIsVisible = 0;
			defaultConfigurationName = Release;
		};
		44045855254B4F2900AD671B /* Build configuration list for PBXNativeTarget "GoalPost" */ = {
			isa = XCConfigurationList;
			buildConfigurations = (
				44045856254B4F2900AD671B /* Debug */,
				44045857254B4F2900AD671B /* Release */,
			);
			defaultConfigurationIsVisible = 0;
			defaultConfigurationName = Release;
		};
/* End XCConfigurationList section */

/* Begin XCVersionGroup section */
		4404584A254B4F2600AD671B /* GoalPost.xcdatamodeld */ = {
			isa = XCVersionGroup;
			children = (
				4404584B254B4F2600AD671B /* GoalPost.xcdatamodel */,
			);
			currentVersion = 4404584B254B4F2600AD671B /* GoalPost.xcdatamodel */;
			path = GoalPost.xcdatamodeld;
			sourceTree = "<group>";
			versionGroupType = wrapper.xcdatamodel;
		};
/* End XCVersionGroup section */
	};
	rootObject = 44045836254B4F2600AD671B /* Project object */;
}
